
Microsoft Visual Studio Solution File, Format Version 12.00
# Visual Studio 2012
Project("{8BC9CEB8-8B4A-11D0-8D11-00A0C91BC942}") = "GameAnalytics", "GameAnalytics.vcxproj", "{2104FD7C-F7AA-4F69-BCD4-B842A61D87B5}"
EndProject
Project("{8BC9CEB8-8B4A-11D0-8D11-00A0C91BC942}") = "libcurl", "dependencies\libcurl\vs\vc11\lib\vc11libcurl.vcxproj", "{87EE9DA4-DE1E-4448-8324-183C98DCA588}"
EndProject
Project("{8BC9CEB8-8B4A-11D0-8D11-00A0C91BC942}") = "TestApplication", "TestApplication.vcxproj", "{AB727BEB-F8CB-4B30-AC51-BE7E1B4A8A5C}"
EndProject
Project("{8BC9CEB8-8B4A-11D0-8D11-00A0C91BC942}") = "libprotobuf", "..\protobuf\vsprojects\libprotobuf.vcxproj", "{3E283F37-A4ED-41B7-A3E6-A2D89D131A30}"
EndProject
Global
	GlobalSection(SolutionConfigurationPlatforms) = preSolution
		Debug|Win32 = Debug|Win32
		Release|Win32 = Release|Win32
	EndGlobalSection
	GlobalSection(ProjectConfigurationPlatforms) = postSolution
		{2104FD7C-F7AA-4F69-BCD4-B842A61D87B5}.Debug|Win32.ActiveCfg = Debug|Win32
		{2104FD7C-F7AA-4F69-BCD4-B842A61D87B5}.Debug|Win32.Build.0 = Debug|Win32
		{2104FD7C-F7AA-4F69-BCD4-B842A61D87B5}.Release|Win32.ActiveCfg = Release|Win32
		{2104FD7C-F7AA-4F69-BCD4-B842A61D87B5}.Release|Win32.Build.0 = Release|Win32
		{87EE9DA4-DE1E-4448-8324-183C98DCA588}.Debug|Win32.ActiveCfg = Debug|Win32
		{87EE9DA4-DE1E-4448-8324-183C98DCA588}.Debug|Win32.Build.0 = Debug|Win32
		{87EE9DA4-DE1E-4448-8324-183C98DCA588}.Release|Win32.ActiveCfg = Release|Win32
		{87EE9DA4-DE1E-4448-8324-183C98DCA588}.Release|Win32.Build.0 = Release|Win32
		{AB727BEB-F8CB-4B30-AC51-BE7E1B4A8A5C}.Debug|Win32.ActiveCfg = Debug|Win32
		{AB727BEB-F8CB-4B30-AC51-BE7E1B4A8A5C}.Debug|Win32.Build.0 = Debug|Win32
		{AB727BEB-F8CB-4B30-AC51-BE7E1B4A8A5C}.Release|Win32.ActiveCfg = Release|Win32
		{AB727BEB-F8CB-4B30-AC51-BE7E1B4A8A5C}.Release|Win32.Build.0 = Release|Win32
		{3E283F37-A4ED-41B7-A3E6-A2D89D131A30}.Debug|Win32.ActiveCfg = Debug|Win32
		{3E283F37-A4ED-41B7-A3E6-A2D89D131A30}.Debug|Win32.Build.0 = Debug|Win32
		{3E283F37-A4ED-41B7-A3E6-A2D89D131A30}.Release|Win32.ActiveCfg = Release|Win32
		{3E283F37-A4ED-41B7-A3E6-A2D89D131A30}.Release|Win32.Build.0 = Release|Win32
	EndGlobalSection
	GlobalSection(SolutionProperties) = preSolution
		HideSolutionNode = FALSE
	EndGlobalSection
EndGlobal
